dependencies:
  lodash: 4.17.20
devDependencies:
  '@types/node': 14.14.28
  pnpm: 5.17.2
lockfileVersion: 5.2
packages:
  /@types/node/14.14.28:
    dev: true
    resolution:
      integrity: sha512-lg55ArB+ZiHHbBBttLpzD07akz0QPrZgUODNakeC09i62dnrywr9mFErHuaPlB6I7z+sEbK+IYmplahvplCj2g==
  /lodash/4.17.20:
    dev: false
    resolution:
      integrity: sha512-PlhdFcillOINfeV7Ni6oF1TAEayyZBoZ8bcshTHqOYJYlrqzRK5hagpagky5o4HfCzzd1TRkXPMFq6cKk9rGmA==
  /pnpm/5.17.2:
    dev: true
    engines:
      node: '>=10.16'
    hasBin: true
    resolution:
      integrity: sha512-X0WEumozKhlYZObL1E+Nmi67f+ZMS+fbpE6vAymlazT2lx0B+Agw9iJsdd//tjAqIzxcsxxgZScx0EIPc42Ulw==
specifiers:
  '@types/node': 14.14.28
  lodash: ^4
  pnpm: 5.17.2
