lockfileVersion: 5.3

specifiers:
  '@types/node': 14.14.28
  lodash: ^4
  pnpm: 5.18.10

dependencies:
  lodash: 4.17.20

devDependencies:
  '@types/node': 14.14.28
  pnpm: 5.18.10

packages:

  /@types/node/14.14.28:
    resolution: {integrity: sha512-lg55ArB+ZiHHbBBttLpzD07akz0QPrZgUODNakeC09i62dnrywr9mFErHuaPlB6I7z+sEbK+IYmplahvplCj2g==}
    dev: true

  /lodash/4.17.20:
    resolution: {integrity: sha512-PlhdFcillOINfeV7Ni6oF1TAEayyZBoZ8bcshTHqOYJYlrqzRK5hagpagky5o4HfCzzd1TRkXPMFq6cKk9rGmA==}
    dev: false

  /pnpm/5.18.10:
    resolution: {integrity: sha512-M3oH42XqtUZv0Hnfp4A1klTFQT3/9ghBkDrPHh0GTd9nP39I14/GDjN+BiHx95hH60CigOip+oK/h389GhizeQ==}
    engines: {node: '>=10.16'}
    hasBin: true
    dev: true
