dependencies:
  lodash: 4.17.20
devDependencies:
  '@types/node': 20.9.4
  pnpm: 5.17.2
lockfileVersion: 5.2
packages:
  /@types/node/20.9.4:
    dependencies:
      undici-types: 5.26.5
    dev: true
    resolution:
      integrity: sha512-wmyg8HUhcn6ACjsn8oKYjkN/zUzQeNtMy44weTJSM6p4MMzEOuKbA3OjJ267uPCOW7Xex9dyrNTful8XTQYoDA==
  /lodash/4.17.20:
    dev: false
    resolution:
      integrity: sha512-PlhdFcillOINfeV7Ni6oF1TAEayyZBoZ8bcshTHqOYJYlrqzRK5hagpagky5o4HfCzzd1TRkXPMFq6cKk9rGmA==
  /pnpm/5.17.2:
    dev: true
    engines:
      node: '>=10.16'
    hasBin: true
    resolution:
      integrity: sha512-X0WEumozKhlYZObL1E+Nmi67f+ZMS+fbpE6vAymlazT2lx0B+Agw9iJsdd//tjAqIzxcsxxgZScx0EIPc42Ulw==
  /undici-types/5.26.5:
    dev: true
    resolution:
      integrity: sha512-JlCMO+ehdEIKqlFxk6IfVoAUVmgz7cU7zD/h9XZ0qzeosSHmUJVOzSQvvYSYWXkFXC+IfLKSIffhv0sVZup6pA==
specifiers:
  '@types/node': 20.9.4
  lodash: ^4
  pnpm: 5.17.2
